<?xml version="1.0" encoding="utf-8"?>
<Project ToolsVersion="4.0" xmlns="http://schemas.microsoft.com/developer/msbuild/2003">
  <ItemGroup>
    <Filter Include="Source Files">
      <UniqueIdentifier>{4FC737F1-C7A5-4376-A066-2A32D752A2FF}</UniqueIdentifier>
      <Extensions>cpp;c;cc;cxx;def;odl;idl;hpj;bat;asm;asmx</Extensions>
    </Filter>
    <Filter Include="Header Files">
      <UniqueIdentifier>{93995380-89BD-4b04-88EB-625FBE52EBFB}</UniqueIdentifier>
      <Extensions>h;hh;hpp;hxx;hm;inl;inc;ipp;xsd</Extensions>
    </Filter>
    <Filter Include="Resource Files">
      <UniqueIdentifier>{67DA6AB6-F800-4c08-8B7A-83BB121AAD01}</UniqueIdentifier>
      <Extensions>rc;ico;cur;bmp;dlg;rc2;rct;bin;rgs;gif;jpg;jpeg;jpe;resx;tiff;tif;png;wav;mfcribbon-ms</Extensions>
    </Filter>
  </ItemGroup>
  <ItemGroup>
    <ClCompile Include="dllmain.cpp">
      <Filter>Source Files</Filter>
    </ClCompile>
    <ClCompile Include="utilities\console.cpp">
      <Filter>Source Files</Filter>
    </ClCompile>
    <ClCompile Include="utilities\interfaces.cpp">
      <Filter>Source Files</Filter>
    </ClCompile>
    <ClCompile Include="css-math\vec.cpp">
      <Filter>Source Files</Filter>
    </ClCompile>
    <ClCompile Include="utilities\minhook\hde\hde32.c">
      <Filter>Source Files</Filter>
    </ClCompile>
    <ClCompile Include="utilities\minhook\hde\hde64.c">
      <Filter>Source Files</Filter>
    </ClCompile>
    <ClCompile Include="utilities\minhook\buffer.c">
      <Filter>Source Files</Filter>
    </ClCompile>
    <ClCompile Include="utilities\minhook\hook.c">
      <Filter>Source Files</Filter>
    </ClCompile>
    <ClCompile Include="utilities\minhook\trampoline.c">
      <Filter>Source Files</Filter>
    </ClCompile>
    <ClCompile Include="hooks\hooks.cpp">
      <Filter>Source Files</Filter>
    </ClCompile>
    <ClCompile Include="utilities\renderer\render.cpp">
      <Filter>Source Files</Filter>
    </ClCompile>
    <ClCompile Include="utilities\global_vars.cpp">
      <Filter>Source Files</Filter>
    </ClCompile>
    <ClCompile Include="features\visuals\esp\esp.cpp">
      <Filter>Source Files</Filter>
    </ClCompile>
    <ClCompile Include="utilities\math.cpp">
      <Filter>Source Files</Filter>
    </ClCompile>
  </ItemGroup>
  <ItemGroup>
    <ClInclude Include="includes.h">
      <Filter>Header Files</Filter>
    </ClInclude>
    <ClInclude Include="utilities\console.h">
      <Filter>Header Files</Filter>
    </ClInclude>
    <ClInclude Include="utilities\interfaces.h">
      <Filter>Header Files</Filter>
    </ClInclude>
    <ClInclude Include="css-math\vec.h">
      <Filter>Header Files</Filter>
    </ClInclude>
    <ClInclude Include="css-math\matrix.h">
      <Filter>Header Files</Filter>
    </ClInclude>
    <ClInclude Include="classes\engineclient.h">
      <Filter>Header Files</Filter>
    </ClInclude>
    <ClInclude Include="css-math\color.h">
      <Filter>Header Files</Filter>
    </ClInclude>
    <ClInclude Include="classes\surface.h">
      <Filter>Header Files</Filter>
    </ClInclude>
    <ClInclude Include="utilities\minhook\hde\hde32.h">
      <Filter>Header Files</Filter>
    </ClInclude>
    <ClInclude Include="utilities\minhook\hde\hde64.h">
      <Filter>Header Files</Filter>
    </ClInclude>
    <ClInclude Include="utilities\minhook\hde\pstdint.h">
      <Filter>Header Files</Filter>
    </ClInclude>
    <ClInclude Include="utilities\minhook\hde\table32.h">
      <Filter>Header Files</Filter>
    </ClInclude>
    <ClInclude Include="utilities\minhook\hde\table64.h">
      <Filter>Header Files</Filter>
    </ClInclude>
    <ClInclude Include="utilities\minhook\buffer.h">
      <Filter>Header Files</Filter>
    </ClInclude>
    <ClInclude Include="utilities\minhook\minhook.h">
      <Filter>Header Files</Filter>
    </ClInclude>
    <ClInclude Include="utilities\minhook\trampoline.h">
      <Filter>Header Files</Filter>
    </ClInclude>
    <ClInclude Include="hooks\hooks.h">
      <Filter>Header Files</Filter>
    </ClInclude>
    <ClInclude Include="classes\panel.h">
      <Filter>Header Files</Filter>
    </ClInclude>
    <ClInclude Include="utilities\fnv.h">
      <Filter>Header Files</Filter>
    </ClInclude>
    <ClInclude Include="utilities\renderer\render.h">
      <Filter>Header Files</Filter>
    </ClInclude>
    <ClInclude Include="classes\clientmode.h">
      <Filter>Header Files</Filter>
    </ClInclude>
    <ClInclude Include="classes\chlclient.h">
      <Filter>Header Files</Filter>
    </ClInclude>
    <ClInclude Include="classes\cusercmd.h">
      <Filter>Header Files</Filter>
    </ClInclude>
    <ClInclude Include="classes\entitylist.h">
      <Filter>Header Files</Filter>
    </ClInclude>
    <ClInclude Include="classes\entity\cbaseentity.h">
      <Filter>Header Files</Filter>
    </ClInclude>
    <ClInclude Include="utilities\global_vars.h">
      <Filter>Header Files</Filter>
    </ClInclude>
    <ClInclude Include="features\visuals\esp\esp.h">
      <Filter>Header Files</Filter>
    </ClInclude>
    <ClInclude Include="utilities\math.h">
      <Filter>Header Files</Filter>
    </ClInclude>
  </ItemGroup>
</Project>